
Microsoft Visual Studio Solution File, Format Version 12.00
# Visual Studio 14
VisualStudioVersion = 14.0.25420.1
MinimumVisualStudioVersion = 10.0.40219.1
Project("{FAE04EC0-301F-11D3-BF4B-00C04F79EFBC}") = "DnPol.Entity", "DnPol.Entity\DnPol.Entity.csproj", "{C71EC3DB-6E08-491E-B529-D9264D9FC84E}"
EndProject
Project("{FAE04EC0-301F-11D3-BF4B-00C04F79EFBC}") = "DnPol.Model", "DnPol.Model\DnPol.Model.csproj", "{D5B20515-AE22-43FC-8B01-7002C4A33F3F}"
EndProject
Project("{FAE04EC0-301F-11D3-BF4B-00C04F79EFBC}") = "DnPol.Business", "DnPol.Business\DnPol.Business.csproj", "{D8FCEB82-3B15-475F-BF3F-60F493984311}"
EndProject
Project("{FAE04EC0-301F-11D3-BF4B-00C04F79EFBC}") = "DnPol.Data", "DnPol.Data\DnPol.Data.csproj", "{786C3328-FDBC-45DC-A1B3-1E1C3AA7854C}"
EndProject
Project("{FAE04EC0-301F-11D3-BF4B-00C04F79EFBC}") = "DnPol.Servicios", "DnPol.Servicios\DnPol.Servicios.csproj", "{484E964B-534A-4BBB-B084-25307366B139}"
EndProject
Project("{00D1A9C2-B5F0-4AF3-8072-F6C62B433612}") = "DnPol.ScriptDataBase", "DnPol.ScriptDataBase\DnPol.ScriptDataBase.sqlproj", "{5DD8A6E9-430A-4381-B545-6FEC89B2B7B0}"
EndProject
Global
	GlobalSection(SolutionConfigurationPlatforms) = preSolution
		Debug|Any CPU = Debug|Any CPU
		Release|Any CPU = Release|Any CPU
	EndGlobalSection
	GlobalSection(ProjectConfigurationPlatforms) = postSolution
		{C71EC3DB-6E08-491E-B529-D9264D9FC84E}.Debug|Any CPU.ActiveCfg = Debug|Any CPU
		{C71EC3DB-6E08-491E-B529-D9264D9FC84E}.Debug|Any CPU.Build.0 = Debug|Any CPU
		{C71EC3DB-6E08-491E-B529-D9264D9FC84E}.Release|Any CPU.ActiveCfg = Release|Any CPU
		{C71EC3DB-6E08-491E-B529-D9264D9FC84E}.Release|Any CPU.Build.0 = Release|Any CPU
		{D5B20515-AE22-43FC-8B01-7002C4A33F3F}.Debug|Any CPU.ActiveCfg = Debug|Any CPU
		{D5B20515-AE22-43FC-8B01-7002C4A33F3F}.Debug|Any CPU.Build.0 = Debug|Any CPU
		{D5B20515-AE22-43FC-8B01-7002C4A33F3F}.Release|Any CPU.ActiveCfg = Release|Any CPU
		{D5B20515-AE22-43FC-8B01-7002C4A33F3F}.Release|Any CPU.Build.0 = Release|Any CPU
		{D8FCEB82-3B15-475F-BF3F-60F493984311}.Debug|Any CPU.ActiveCfg = Debug|Any CPU
		{D8FCEB82-3B15-475F-BF3F-60F493984311}.Debug|Any CPU.Build.0 = Debug|Any CPU
		{D8FCEB82-3B15-475F-BF3F-60F493984311}.Release|Any CPU.ActiveCfg = Release|Any CPU
		{D8FCEB82-3B15-475F-BF3F-60F493984311}.Release|Any CPU.Build.0 = Release|Any CPU
		{786C3328-FDBC-45DC-A1B3-1E1C3AA7854C}.Debug|Any CPU.ActiveCfg = Debug|Any CPU
		{786C3328-FDBC-45DC-A1B3-1E1C3AA7854C}.Debug|Any CPU.Build.0 = Debug|Any CPU
		{786C3328-FDBC-45DC-A1B3-1E1C3AA7854C}.Release|Any CPU.ActiveCfg = Release|Any CPU
		{786C3328-FDBC-45DC-A1B3-1E1C3AA7854C}.Release|Any CPU.Build.0 = Release|Any CPU
		{484E964B-534A-4BBB-B084-25307366B139}.Debug|Any CPU.ActiveCfg = Debug|Any CPU
		{484E964B-534A-4BBB-B084-25307366B139}.Debug|Any CPU.Build.0 = Debug|Any CPU
		{484E964B-534A-4BBB-B084-25307366B139}.Release|Any CPU.ActiveCfg = Release|Any CPU
		{484E964B-534A-4BBB-B084-25307366B139}.Release|Any CPU.Build.0 = Release|Any CPU
		{5DD8A6E9-430A-4381-B545-6FEC89B2B7B0}.Debug|Any CPU.ActiveCfg = Debug|Any CPU
		{5DD8A6E9-430A-4381-B545-6FEC89B2B7B0}.Debug|Any CPU.Build.0 = Debug|Any CPU
		{5DD8A6E9-430A-4381-B545-6FEC89B2B7B0}.Debug|Any CPU.Deploy.0 = Debug|Any CPU
		{5DD8A6E9-430A-4381-B545-6FEC89B2B7B0}.Release|Any CPU.ActiveCfg = Release|Any CPU
		{5DD8A6E9-430A-4381-B545-6FEC89B2B7B0}.Release|Any CPU.Build.0 = Release|Any CPU
		{5DD8A6E9-430A-4381-B545-6FEC89B2B7B0}.Release|Any CPU.Deploy.0 = Release|Any CPU
	EndGlobalSection
	GlobalSection(SolutionProperties) = preSolution
		HideSolutionNode = FALSE
	EndGlobalSection
EndGlobal
